
Microsoft Visual Studio Solution File, Format Version 12.00
# Visual Studio Version 17
VisualStudioVersion = 17.7.34221.43
MinimumVisualStudioVersion = 10.0.40219.1
Project("{F184B08F-C81C-45F6-A57F-5ABD9991F28F}") = "VBArkNix", "VBArkNix\VBArkNix.vbproj", "{21177884-C81E-4EF2-A90B-97C3E0011F4A}"
EndProject
Global
	GlobalSection(SolutionConfigurationPlatforms) = preSolution
		Debug|Any CPU = Debug|Any CPU
		Release|Any CPU = Release|Any CPU
	EndGlobalSection
	GlobalSection(ProjectConfigurationPlatforms) = postSolution
		{21177884-C81E-4EF2-A90B-97C3E0011F4A}.Debug|Any CPU.ActiveCfg = Debug|Any CPU
		{21177884-C81E-4EF2-A90B-97C3E0011F4A}.Debug|Any CPU.Build.0 = Debug|Any CPU
		{21177884-C81E-4EF2-A90B-97C3E0011F4A}.Release|Any CPU.ActiveCfg = Release|Any CPU
		{21177884-C81E-4EF2-A90B-97C3E0011F4A}.Release|Any CPU.Build.0 = Release|Any CPU
	EndGlobalSection
	GlobalSection(SolutionProperties) = preSolution
		HideSolutionNode = FALSE
	EndGlobalSection
	GlobalSection(ExtensibilityGlobals) = postSolution
		SolutionGuid = {889D68EC-D405-4C35-8E42-8D7C3DB4B216}
	EndGlobalSection
EndGlobal
